
Microsoft Visual Studio Solution File, Format Version 12.00
# Visual Studio Version 17
VisualStudioVersion = 17.0.31903.59
MinimumVisualStudioVersion = 10.0.40219.1
Project("{2150E333-8FDC-42A3-9474-1A3956D46DE8}") = "src", "src", "{827E0CD3-B72D-47B6-A68D-7590B98EB39B}"
EndProject
Project("{2150E333-8FDC-42A3-9474-1A3956D46DE8}") = "ControlCajaBC", "ControlCajaBC", "{35E96E76-185C-208C-38DC-5F3F8B7F04FF}"
EndProject
Project("{2150E333-8FDC-42A3-9474-1A3956D46DE8}") = "Infrastructure", "Infrastructure", "{89F786C8-5B53-5F6D-3494-9CF205A2E4C3}"
EndProject
Project("{FAE04EC0-301F-11D3-BF4B-00C04F79EFBC}") = "ControlCajaBC.Infrastructure", "src\ControlCajaBC\Infrastructure\ControlCajaBC.Infrastructure.csproj", "{7476F995-B69B-4C30-9EA3-844FA26A1CD9}"
EndProject
Project("{FAE04EC0-301F-11D3-BF4B-00C04F79EFBC}") = "SharedKernel", "src\SharedKernel\SharedKernel.csproj", "{FD620687-5A37-4904-A43E-EAF7004F7CDC}"
EndProject
Project("{FAE04EC0-301F-11D3-BF4B-00C04F79EFBC}") = "Integration", "src\Integration\Integration.csproj", "{9BFD47CC-6396-42C8-ABE3-A298458D3E05}"
EndProject
Project("{2150E333-8FDC-42A3-9474-1A3956D46DE8}") = "tests", "tests", "{0AB3BF05-4346-4AA6-1389-037BE0695223}"
EndProject
Project("{FAE04EC0-301F-11D3-BF4B-00C04F79EFBC}") = "ControlCajaBC.Tests", "tests\ControlCajaBC.Tests\ControlCajaBC.Tests.csproj", "{3827C1F3-1BA6-4E60-B4F3-C4E3917E46FF}"
EndProject
Project("{FAE04EC0-301F-11D3-BF4B-00C04F79EFBC}") = "GestionClientesBC.Tests", "tests\GestionClientesBC.Tests\GestionClientesBC.Tests.csproj", "{B252BAFE-CED4-4CDB-8AA8-E1221222D8DC}"
EndProject
Project("{FAE04EC0-301F-11D3-BF4B-00C04F79EFBC}") = "ListaPreciosBC.Tests", "tests\ListaPreciosBC.Tests\ListaPreciosBC.Tests.csproj", "{079356BE-49A7-4B69-91C5-55E75DD7FA01}"
EndProject
Project("{FAE04EC0-301F-11D3-BF4B-00C04F79EFBC}") = "EndToEnd", "tests\EndToEnd\EndToEnd.csproj", "{64C7ECAF-820F-4F81-B9C5-B20D84E10640}"
EndProject
Project("{2150E333-8FDC-42A3-9474-1A3956D46DE8}") = "CatalogoArticulosBC", "CatalogoArticulosBC", "{DDB3D690-124B-C36B-115F-3C37F1FE676E}"
EndProject
Project("{2150E333-8FDC-42A3-9474-1A3956D46DE8}") = "Infrastructure", "Infrastructure", "{E5D04A35-C969-259D-6982-EF3052F7A317}"
EndProject
Project("{FAE04EC0-301F-11D3-BF4B-00C04F79EFBC}") = "CatalogoArticulosBC.Infrastructure", "src\CatalogoArticulosBC\Infrastructure\CatalogoArticulosBC.Infrastructure.csproj", "{37C810A4-6EC7-44C4-83AF-97AB950EA7CC}"
EndProject
Project("{2150E333-8FDC-42A3-9474-1A3956D46DE8}") = "Adapters", "Adapters", "{15D7239D-675E-5FBD-68EE-0963C1CAA76D}"
EndProject
Project("{FAE04EC0-301F-11D3-BF4B-00C04F79EFBC}") = "ControlCajaBC.Adapters", "src\ControlCajaBC\Adapters\ControlCajaBC.Adapters.csproj", "{1621B832-3386-4D1C-A2DD-7ADEDC762F89}"
EndProject
Project("{2150E333-8FDC-42A3-9474-1A3956D46DE8}") = "Application", "Application", "{5F938D0B-92A8-4880-3824-1AC1FD30C76B}"
EndProject
Project("{FAE04EC0-301F-11D3-BF4B-00C04F79EFBC}") = "ControlCajaBC.Application", "src\ControlCajaBC\Application\ControlCajaBC.Application.csproj", "{755E3352-1FCA-41FB-9B4F-2513D36A2B50}"
EndProject
Project("{2150E333-8FDC-42A3-9474-1A3956D46DE8}") = "Domain", "Domain", "{DC7066D7-179B-718D-6EE8-986A1BA25552}"
EndProject
Project("{FAE04EC0-301F-11D3-BF4B-00C04F79EFBC}") = "ControlCajaBC.Domain", "src\ControlCajaBC\Domain\ControlCajaBC.Domain.csproj", "{BD5C8A73-48ED-4486-9B22-F018EEEA5F19}"
EndProject
Project("{2150E333-8FDC-42A3-9474-1A3956D46DE8}") = "GestionClientesBC", "GestionClientesBC", "{1FA30E85-E96E-8112-D4B3-BBAF21A47CB7}"
EndProject
Project("{2150E333-8FDC-42A3-9474-1A3956D46DE8}") = "Adapters", "Adapters", "{6DCBC277-7C31-A006-EFB7-5FF32375D221}"
EndProject
Project("{FAE04EC0-301F-11D3-BF4B-00C04F79EFBC}") = "GestionClientesBC.Adapters", "src\GestionClientesBC\Adapters\GestionClientesBC.Adapters.csproj", "{E27C34B0-613F-41EB-A21E-8BDA38B9C1BF}"
EndProject
Project("{2150E333-8FDC-42A3-9474-1A3956D46DE8}") = "Application", "Application", "{ECD81E7C-074B-02BD-7FCF-093A9B501E9F}"
EndProject
Project("{FAE04EC0-301F-11D3-BF4B-00C04F79EFBC}") = "GestionClientesBC.Application", "src\GestionClientesBC\Application\GestionClientesBC.Application.csproj", "{E4F03983-571A-476B-95B3-6E66B617770F}"
EndProject
Project("{2150E333-8FDC-42A3-9474-1A3956D46DE8}") = "Domain", "Domain", "{B87797DD-02BA-4436-8FD7-724A091F267D}"
EndProject
Project("{FAE04EC0-301F-11D3-BF4B-00C04F79EFBC}") = "GestionClientesBC.Domain", "src\GestionClientesBC\Domain\GestionClientesBC.Domain.csproj", "{5A08BC79-496C-42D1-80AF-3CAFBA859215}"
EndProject
Project("{2150E333-8FDC-42A3-9474-1A3956D46DE8}") = "Infrastructure", "Infrastructure", "{78394DD2-DE46-0E42-6836-515C92E6AD10}"
EndProject
Project("{FAE04EC0-301F-11D3-BF4B-00C04F79EFBC}") = "GestionClientesBC.Infrastructure", "src\GestionClientesBC\Infrastructure\GestionClientesBC.Infrastructure.csproj", "{91CB9CC4-BA14-495A-BAAC-2DE441135DC9}"
EndProject
Project("{2150E333-8FDC-42A3-9474-1A3956D46DE8}") = "ListaPreciosBC", "ListaPreciosBC", "{EF20B38E-6266-D34C-AE13-5ED10D6750E8}"
EndProject
Project("{2150E333-8FDC-42A3-9474-1A3956D46DE8}") = "Adapters", "Adapters", "{D65EAE80-69E4-9212-1F44-72F6CD2B9CC1}"
EndProject
Project("{FAE04EC0-301F-11D3-BF4B-00C04F79EFBC}") = "ListaPreciosBC.Adapters", "src\ListaPreciosBC\Adapters\ListaPreciosBC.Adapters.csproj", "{5A2F9901-9CD7-4E7D-9B95-3ACC62D1C0EF}"
EndProject
Project("{2150E333-8FDC-42A3-9474-1A3956D46DE8}") = "Application", "Application", "{0633B950-A560-1CEC-0701-082EEAD8B56A}"
EndProject
Project("{FAE04EC0-301F-11D3-BF4B-00C04F79EFBC}") = "ListaPreciosBC.Application", "src\ListaPreciosBC\Application\ListaPreciosBC.Application.csproj", "{BBEC766A-82B5-424E-AD9B-C6A427E5ECD3}"
EndProject
Project("{2150E333-8FDC-42A3-9474-1A3956D46DE8}") = "Domain", "Domain", "{2555759B-E859-6A78-621B-A9979419217D}"
EndProject
Project("{FAE04EC0-301F-11D3-BF4B-00C04F79EFBC}") = "ListaPreciosBC.Domain", "src\ListaPreciosBC\Domain\ListaPreciosBC.Domain.csproj", "{744F786D-9EF3-479C-91B3-3AF0A99149A7}"
EndProject
Project("{2150E333-8FDC-42A3-9474-1A3956D46DE8}") = "Infrastructure", "Infrastructure", "{776C2BF0-1B09-45EA-18F1-78A3E1A3E79F}"
EndProject
Project("{FAE04EC0-301F-11D3-BF4B-00C04F79EFBC}") = "ListaPreciosBC.Infrastructure", "src\ListaPreciosBC\Infrastructure\ListaPreciosBC.Infrastructure.csproj", "{0BB0E8A7-C9AE-4D9A-A94E-0791755F3A5A}"
EndProject
Project("{2150E333-8FDC-42A3-9474-1A3956D46DE8}") = "Output", "Output", "{9B99C9EC-DCBB-D300-A612-191CC3EB85AF}"
EndProject
Project("{2150E333-8FDC-42A3-9474-1A3956D46DE8}") = "Persistence", "Persistence", "{0588DDE4-502E-0B1B-0012-C57E42C5D149}"
EndProject
Project("{2150E333-8FDC-42A3-9474-1A3956D46DE8}") = "InMemory", "InMemory", "{AE7E8059-9B2E-2F68-EBC4-003C0F8717A5}"
EndProject
Project("{FAE04EC0-301F-11D3-BF4B-00C04F79EFBC}") = "ControlCajaBC.Adapters.InMemory", "src\ControlCajaBC\Adapters\Output\Persistence\InMemory\ControlCajaBC.Adapters.InMemory.csproj", "{E937F356-8426-456C-B41C-9B4A976B8AD8}"
EndProject
Project("{2150E333-8FDC-42A3-9474-1A3956D46DE8}") = "Domain", "Domain", "{0B6235B2-A37A-EC5E-9748-7CB926460A5F}"
EndProject
Project("{FAE04EC0-301F-11D3-BF4B-00C04F79EFBC}") = "CatalogoArticulosBC.Domain", "src\CatalogoArticulosBC\Domain\CatalogoArticulosBC.Domain.csproj", "{CECCACE9-FA20-4FB2-A611-0B9FD93393F8}"
EndProject
Project("{2150E333-8FDC-42A3-9474-1A3956D46DE8}") = "Application", "Application", "{4874B548-1975-A9BA-133A-0C9EB107BCCE}"
EndProject
Project("{FAE04EC0-301F-11D3-BF4B-00C04F79EFBC}") = "CatalogoArticulosBC.Application", "src\CatalogoArticulosBC\Application\CatalogoArticulosBC.Application.csproj", "{79A4D659-B45D-48B0-A242-29E4B95FC496}"
EndProject
Project("{2150E333-8FDC-42A3-9474-1A3956D46DE8}") = "Adapters", "Adapters", "{6DE6D864-F768-782B-8E26-EC1F654EEE33}"
EndProject
Project("{FAE04EC0-301F-11D3-BF4B-00C04F79EFBC}") = "CatalogoArticulosBC.Adapters", "src\CatalogoArticulosBC\Adapters\CatalogoArticulosBC.Adapters.csproj", "{CA9D494D-742C-49B4-B67C-4897E3B72049}"
EndProject
Global
	GlobalSection(SolutionConfigurationPlatforms) = preSolution
		Debug|Any CPU = Debug|Any CPU
		Debug|x64 = Debug|x64
		Debug|x86 = Debug|x86
		Release|Any CPU = Release|Any CPU
		Release|x64 = Release|x64
		Release|x86 = Release|x86
	EndGlobalSection
	GlobalSection(ProjectConfigurationPlatforms) = postSolution
		{7476F995-B69B-4C30-9EA3-844FA26A1CD9}.Debug|Any CPU.ActiveCfg = Debug|Any CPU
		{7476F995-B69B-4C30-9EA3-844FA26A1CD9}.Debug|Any CPU.Build.0 = Debug|Any CPU
		{7476F995-B69B-4C30-9EA3-844FA26A1CD9}.Debug|x64.ActiveCfg = Debug|Any CPU
		{7476F995-B69B-4C30-9EA3-844FA26A1CD9}.Debug|x64.Build.0 = Debug|Any CPU
		{7476F995-B69B-4C30-9EA3-844FA26A1CD9}.Debug|x86.ActiveCfg = Debug|Any CPU
		{7476F995-B69B-4C30-9EA3-844FA26A1CD9}.Debug|x86.Build.0 = Debug|Any CPU
		{7476F995-B69B-4C30-9EA3-844FA26A1CD9}.Release|Any CPU.ActiveCfg = Release|Any CPU
		{7476F995-B69B-4C30-9EA3-844FA26A1CD9}.Release|Any CPU.Build.0 = Release|Any CPU
		{7476F995-B69B-4C30-9EA3-844FA26A1CD9}.Release|x64.ActiveCfg = Release|Any CPU
		{7476F995-B69B-4C30-9EA3-844FA26A1CD9}.Release|x64.Build.0 = Release|Any CPU
		{7476F995-B69B-4C30-9EA3-844FA26A1CD9}.Release|x86.ActiveCfg = Release|Any CPU
		{7476F995-B69B-4C30-9EA3-844FA26A1CD9}.Release|x86.Build.0 = Release|Any CPU
		{FD620687-5A37-4904-A43E-EAF7004F7CDC}.Debug|Any CPU.ActiveCfg = Debug|Any CPU
		{FD620687-5A37-4904-A43E-EAF7004F7CDC}.Debug|Any CPU.Build.0 = Debug|Any CPU
		{FD620687-5A37-4904-A43E-EAF7004F7CDC}.Debug|x64.ActiveCfg = Debug|Any CPU
		{FD620687-5A37-4904-A43E-EAF7004F7CDC}.Debug|x64.Build.0 = Debug|Any CPU
		{FD620687-5A37-4904-A43E-EAF7004F7CDC}.Debug|x86.ActiveCfg = Debug|Any CPU
		{FD620687-5A37-4904-A43E-EAF7004F7CDC}.Debug|x86.Build.0 = Debug|Any CPU
		{FD620687-5A37-4904-A43E-EAF7004F7CDC}.Release|Any CPU.ActiveCfg = Release|Any CPU
		{FD620687-5A37-4904-A43E-EAF7004F7CDC}.Release|Any CPU.Build.0 = Release|Any CPU
		{FD620687-5A37-4904-A43E-EAF7004F7CDC}.Release|x64.ActiveCfg = Release|Any CPU
		{FD620687-5A37-4904-A43E-EAF7004F7CDC}.Release|x64.Build.0 = Release|Any CPU
		{FD620687-5A37-4904-A43E-EAF7004F7CDC}.Release|x86.ActiveCfg = Release|Any CPU
		{FD620687-5A37-4904-A43E-EAF7004F7CDC}.Release|x86.Build.0 = Release|Any CPU
		{9BFD47CC-6396-42C8-ABE3-A298458D3E05}.Debug|Any CPU.ActiveCfg = Debug|Any CPU
		{9BFD47CC-6396-42C8-ABE3-A298458D3E05}.Debug|Any CPU.Build.0 = Debug|Any CPU
		{9BFD47CC-6396-42C8-ABE3-A298458D3E05}.Debug|x64.ActiveCfg = Debug|Any CPU
		{9BFD47CC-6396-42C8-ABE3-A298458D3E05}.Debug|x64.Build.0 = Debug|Any CPU
		{9BFD47CC-6396-42C8-ABE3-A298458D3E05}.Debug|x86.ActiveCfg = Debug|Any CPU
		{9BFD47CC-6396-42C8-ABE3-A298458D3E05}.Debug|x86.Build.0 = Debug|Any CPU
		{9BFD47CC-6396-42C8-ABE3-A298458D3E05}.Release|Any CPU.ActiveCfg = Release|Any CPU
		{9BFD47CC-6396-42C8-ABE3-A298458D3E05}.Release|Any CPU.Build.0 = Release|Any CPU
		{9BFD47CC-6396-42C8-ABE3-A298458D3E05}.Release|x64.ActiveCfg = Release|Any CPU
		{9BFD47CC-6396-42C8-ABE3-A298458D3E05}.Release|x64.Build.0 = Release|Any CPU
		{9BFD47CC-6396-42C8-ABE3-A298458D3E05}.Release|x86.ActiveCfg = Release|Any CPU
		{9BFD47CC-6396-42C8-ABE3-A298458D3E05}.Release|x86.Build.0 = Release|Any CPU
		{3827C1F3-1BA6-4E60-B4F3-C4E3917E46FF}.Debug|Any CPU.ActiveCfg = Debug|Any CPU
		{3827C1F3-1BA6-4E60-B4F3-C4E3917E46FF}.Debug|Any CPU.Build.0 = Debug|Any CPU
		{3827C1F3-1BA6-4E60-B4F3-C4E3917E46FF}.Debug|x64.ActiveCfg = Debug|Any CPU
		{3827C1F3-1BA6-4E60-B4F3-C4E3917E46FF}.Debug|x64.Build.0 = Debug|Any CPU
		{3827C1F3-1BA6-4E60-B4F3-C4E3917E46FF}.Debug|x86.ActiveCfg = Debug|Any CPU
		{3827C1F3-1BA6-4E60-B4F3-C4E3917E46FF}.Debug|x86.Build.0 = Debug|Any CPU
		{3827C1F3-1BA6-4E60-B4F3-C4E3917E46FF}.Release|Any CPU.ActiveCfg = Release|Any CPU
		{3827C1F3-1BA6-4E60-B4F3-C4E3917E46FF}.Release|Any CPU.Build.0 = Release|Any CPU
		{3827C1F3-1BA6-4E60-B4F3-C4E3917E46FF}.Release|x64.ActiveCfg = Release|Any CPU
		{3827C1F3-1BA6-4E60-B4F3-C4E3917E46FF}.Release|x64.Build.0 = Release|Any CPU
		{3827C1F3-1BA6-4E60-B4F3-C4E3917E46FF}.Release|x86.ActiveCfg = Release|Any CPU
		{3827C1F3-1BA6-4E60-B4F3-C4E3917E46FF}.Release|x86.Build.0 = Release|Any CPU
		{B252BAFE-CED4-4CDB-8AA8-E1221222D8DC}.Debug|Any CPU.ActiveCfg = Debug|Any CPU
		{B252BAFE-CED4-4CDB-8AA8-E1221222D8DC}.Debug|Any CPU.Build.0 = Debug|Any CPU
		{B252BAFE-CED4-4CDB-8AA8-E1221222D8DC}.Debug|x64.ActiveCfg = Debug|Any CPU
		{B252BAFE-CED4-4CDB-8AA8-E1221222D8DC}.Debug|x64.Build.0 = Debug|Any CPU
		{B252BAFE-CED4-4CDB-8AA8-E1221222D8DC}.Debug|x86.ActiveCfg = Debug|Any CPU
		{B252BAFE-CED4-4CDB-8AA8-E1221222D8DC}.Debug|x86.Build.0 = Debug|Any CPU
		{B252BAFE-CED4-4CDB-8AA8-E1221222D8DC}.Release|Any CPU.ActiveCfg = Release|Any CPU
		{B252BAFE-CED4-4CDB-8AA8-E1221222D8DC}.Release|Any CPU.Build.0 = Release|Any CPU
		{B252BAFE-CED4-4CDB-8AA8-E1221222D8DC}.Release|x64.ActiveCfg = Release|Any CPU
		{B252BAFE-CED4-4CDB-8AA8-E1221222D8DC}.Release|x64.Build.0 = Release|Any CPU
		{B252BAFE-CED4-4CDB-8AA8-E1221222D8DC}.Release|x86.ActiveCfg = Release|Any CPU
		{B252BAFE-CED4-4CDB-8AA8-E1221222D8DC}.Release|x86.Build.0 = Release|Any CPU
		{079356BE-49A7-4B69-91C5-55E75DD7FA01}.Debug|Any CPU.ActiveCfg = Debug|Any CPU
		{079356BE-49A7-4B69-91C5-55E75DD7FA01}.Debug|Any CPU.Build.0 = Debug|Any CPU
		{079356BE-49A7-4B69-91C5-55E75DD7FA01}.Debug|x64.ActiveCfg = Debug|Any CPU
		{079356BE-49A7-4B69-91C5-55E75DD7FA01}.Debug|x64.Build.0 = Debug|Any CPU
		{079356BE-49A7-4B69-91C5-55E75DD7FA01}.Debug|x86.ActiveCfg = Debug|Any CPU
		{079356BE-49A7-4B69-91C5-55E75DD7FA01}.Debug|x86.Build.0 = Debug|Any CPU
		{079356BE-49A7-4B69-91C5-55E75DD7FA01}.Release|Any CPU.ActiveCfg = Release|Any CPU
		{079356BE-49A7-4B69-91C5-55E75DD7FA01}.Release|Any CPU.Build.0 = Release|Any CPU
		{079356BE-49A7-4B69-91C5-55E75DD7FA01}.Release|x64.ActiveCfg = Release|Any CPU
		{079356BE-49A7-4B69-91C5-55E75DD7FA01}.Release|x64.Build.0 = Release|Any CPU
		{079356BE-49A7-4B69-91C5-55E75DD7FA01}.Release|x86.ActiveCfg = Release|Any CPU
		{079356BE-49A7-4B69-91C5-55E75DD7FA01}.Release|x86.Build.0 = Release|Any CPU
		{64C7ECAF-820F-4F81-B9C5-B20D84E10640}.Debug|Any CPU.ActiveCfg = Debug|Any CPU
		{64C7ECAF-820F-4F81-B9C5-B20D84E10640}.Debug|Any CPU.Build.0 = Debug|Any CPU
		{64C7ECAF-820F-4F81-B9C5-B20D84E10640}.Debug|x64.ActiveCfg = Debug|Any CPU
		{64C7ECAF-820F-4F81-B9C5-B20D84E10640}.Debug|x64.Build.0 = Debug|Any CPU
		{64C7ECAF-820F-4F81-B9C5-B20D84E10640}.Debug|x86.ActiveCfg = Debug|Any CPU
		{64C7ECAF-820F-4F81-B9C5-B20D84E10640}.Debug|x86.Build.0 = Debug|Any CPU
		{64C7ECAF-820F-4F81-B9C5-B20D84E10640}.Release|Any CPU.ActiveCfg = Release|Any CPU
		{64C7ECAF-820F-4F81-B9C5-B20D84E10640}.Release|Any CPU.Build.0 = Release|Any CPU
		{64C7ECAF-820F-4F81-B9C5-B20D84E10640}.Release|x64.ActiveCfg = Release|Any CPU
		{64C7ECAF-820F-4F81-B9C5-B20D84E10640}.Release|x64.Build.0 = Release|Any CPU
		{64C7ECAF-820F-4F81-B9C5-B20D84E10640}.Release|x86.ActiveCfg = Release|Any CPU
		{64C7ECAF-820F-4F81-B9C5-B20D84E10640}.Release|x86.Build.0 = Release|Any CPU
		{37C810A4-6EC7-44C4-83AF-97AB950EA7CC}.Debug|Any CPU.ActiveCfg = Debug|Any CPU
		{37C810A4-6EC7-44C4-83AF-97AB950EA7CC}.Debug|Any CPU.Build.0 = Debug|Any CPU
		{37C810A4-6EC7-44C4-83AF-97AB950EA7CC}.Debug|x64.ActiveCfg = Debug|Any CPU
		{37C810A4-6EC7-44C4-83AF-97AB950EA7CC}.Debug|x64.Build.0 = Debug|Any CPU
		{37C810A4-6EC7-44C4-83AF-97AB950EA7CC}.Debug|x86.ActiveCfg = Debug|Any CPU
		{37C810A4-6EC7-44C4-83AF-97AB950EA7CC}.Debug|x86.Build.0 = Debug|Any CPU
		{37C810A4-6EC7-44C4-83AF-97AB950EA7CC}.Release|Any CPU.ActiveCfg = Release|Any CPU
		{37C810A4-6EC7-44C4-83AF-97AB950EA7CC}.Release|Any CPU.Build.0 = Release|Any CPU
		{37C810A4-6EC7-44C4-83AF-97AB950EA7CC}.Release|x64.ActiveCfg = Release|Any CPU
		{37C810A4-6EC7-44C4-83AF-97AB950EA7CC}.Release|x64.Build.0 = Release|Any CPU
		{37C810A4-6EC7-44C4-83AF-97AB950EA7CC}.Release|x86.ActiveCfg = Release|Any CPU
		{37C810A4-6EC7-44C4-83AF-97AB950EA7CC}.Release|x86.Build.0 = Release|Any CPU
		{1621B832-3386-4D1C-A2DD-7ADEDC762F89}.Debug|Any CPU.ActiveCfg = Debug|Any CPU
		{1621B832-3386-4D1C-A2DD-7ADEDC762F89}.Debug|Any CPU.Build.0 = Debug|Any CPU
		{1621B832-3386-4D1C-A2DD-7ADEDC762F89}.Debug|x64.ActiveCfg = Debug|Any CPU
		{1621B832-3386-4D1C-A2DD-7ADEDC762F89}.Debug|x64.Build.0 = Debug|Any CPU
		{1621B832-3386-4D1C-A2DD-7ADEDC762F89}.Debug|x86.ActiveCfg = Debug|Any CPU
		{1621B832-3386-4D1C-A2DD-7ADEDC762F89}.Debug|x86.Build.0 = Debug|Any CPU
		{1621B832-3386-4D1C-A2DD-7ADEDC762F89}.Release|Any CPU.ActiveCfg = Release|Any CPU
		{1621B832-3386-4D1C-A2DD-7ADEDC762F89}.Release|Any CPU.Build.0 = Release|Any CPU
		{1621B832-3386-4D1C-A2DD-7ADEDC762F89}.Release|x64.ActiveCfg = Release|Any CPU
		{1621B832-3386-4D1C-A2DD-7ADEDC762F89}.Release|x64.Build.0 = Release|Any CPU
		{1621B832-3386-4D1C-A2DD-7ADEDC762F89}.Release|x86.ActiveCfg = Release|Any CPU
		{1621B832-3386-4D1C-A2DD-7ADEDC762F89}.Release|x86.Build.0 = Release|Any CPU
		{755E3352-1FCA-41FB-9B4F-2513D36A2B50}.Debug|Any CPU.ActiveCfg = Debug|Any CPU
		{755E3352-1FCA-41FB-9B4F-2513D36A2B50}.Debug|Any CPU.Build.0 = Debug|Any CPU
		{755E3352-1FCA-41FB-9B4F-2513D36A2B50}.Debug|x64.ActiveCfg = Debug|Any CPU
		{755E3352-1FCA-41FB-9B4F-2513D36A2B50}.Debug|x64.Build.0 = Debug|Any CPU
		{755E3352-1FCA-41FB-9B4F-2513D36A2B50}.Debug|x86.ActiveCfg = Debug|Any CPU
		{755E3352-1FCA-41FB-9B4F-2513D36A2B50}.Debug|x86.Build.0 = Debug|Any CPU
		{755E3352-1FCA-41FB-9B4F-2513D36A2B50}.Release|Any CPU.ActiveCfg = Release|Any CPU
		{755E3352-1FCA-41FB-9B4F-2513D36A2B50}.Release|Any CPU.Build.0 = Release|Any CPU
		{755E3352-1FCA-41FB-9B4F-2513D36A2B50}.Release|x64.ActiveCfg = Release|Any CPU
		{755E3352-1FCA-41FB-9B4F-2513D36A2B50}.Release|x64.Build.0 = Release|Any CPU
		{755E3352-1FCA-41FB-9B4F-2513D36A2B50}.Release|x86.ActiveCfg = Release|Any CPU
		{755E3352-1FCA-41FB-9B4F-2513D36A2B50}.Release|x86.Build.0 = Release|Any CPU
		{BD5C8A73-48ED-4486-9B22-F018EEEA5F19}.Debug|Any CPU.ActiveCfg = Debug|Any CPU
		{BD5C8A73-48ED-4486-9B22-F018EEEA5F19}.Debug|Any CPU.Build.0 = Debug|Any CPU
		{BD5C8A73-48ED-4486-9B22-F018EEEA5F19}.Debug|x64.ActiveCfg = Debug|Any CPU
		{BD5C8A73-48ED-4486-9B22-F018EEEA5F19}.Debug|x64.Build.0 = Debug|Any CPU
		{BD5C8A73-48ED-4486-9B22-F018EEEA5F19}.Debug|x86.ActiveCfg = Debug|Any CPU
		{BD5C8A73-48ED-4486-9B22-F018EEEA5F19}.Debug|x86.Build.0 = Debug|Any CPU
		{BD5C8A73-48ED-4486-9B22-F018EEEA5F19}.Release|Any CPU.ActiveCfg = Release|Any CPU
		{BD5C8A73-48ED-4486-9B22-F018EEEA5F19}.Release|Any CPU.Build.0 = Release|Any CPU
		{BD5C8A73-48ED-4486-9B22-F018EEEA5F19}.Release|x64.ActiveCfg = Release|Any CPU
		{BD5C8A73-48ED-4486-9B22-F018EEEA5F19}.Release|x64.Build.0 = Release|Any CPU
		{BD5C8A73-48ED-4486-9B22-F018EEEA5F19}.Release|x86.ActiveCfg = Release|Any CPU
		{BD5C8A73-48ED-4486-9B22-F018EEEA5F19}.Release|x86.Build.0 = Release|Any CPU
		{E27C34B0-613F-41EB-A21E-8BDA38B9C1BF}.Debug|Any CPU.ActiveCfg = Debug|Any CPU
		{E27C34B0-613F-41EB-A21E-8BDA38B9C1BF}.Debug|Any CPU.Build.0 = Debug|Any CPU
		{E27C34B0-613F-41EB-A21E-8BDA38B9C1BF}.Debug|x64.ActiveCfg = Debug|Any CPU
		{E27C34B0-613F-41EB-A21E-8BDA38B9C1BF}.Debug|x64.Build.0 = Debug|Any CPU
		{E27C34B0-613F-41EB-A21E-8BDA38B9C1BF}.Debug|x86.ActiveCfg = Debug|Any CPU
		{E27C34B0-613F-41EB-A21E-8BDA38B9C1BF}.Debug|x86.Build.0 = Debug|Any CPU
		{E27C34B0-613F-41EB-A21E-8BDA38B9C1BF}.Release|Any CPU.ActiveCfg = Release|Any CPU
		{E27C34B0-613F-41EB-A21E-8BDA38B9C1BF}.Release|Any CPU.Build.0 = Release|Any CPU
		{E27C34B0-613F-41EB-A21E-8BDA38B9C1BF}.Release|x64.ActiveCfg = Release|Any CPU
		{E27C34B0-613F-41EB-A21E-8BDA38B9C1BF}.Release|x64.Build.0 = Release|Any CPU
		{E27C34B0-613F-41EB-A21E-8BDA38B9C1BF}.Release|x86.ActiveCfg = Release|Any CPU
		{E27C34B0-613F-41EB-A21E-8BDA38B9C1BF}.Release|x86.Build.0 = Release|Any CPU
		{E4F03983-571A-476B-95B3-6E66B617770F}.Debug|Any CPU.ActiveCfg = Debug|Any CPU
		{E4F03983-571A-476B-95B3-6E66B617770F}.Debug|Any CPU.Build.0 = Debug|Any CPU
		{E4F03983-571A-476B-95B3-6E66B617770F}.Debug|x64.ActiveCfg = Debug|Any CPU
		{E4F03983-571A-476B-95B3-6E66B617770F}.Debug|x64.Build.0 = Debug|Any CPU
		{E4F03983-571A-476B-95B3-6E66B617770F}.Debug|x86.ActiveCfg = Debug|Any CPU
		{E4F03983-571A-476B-95B3-6E66B617770F}.Debug|x86.Build.0 = Debug|Any CPU
		{E4F03983-571A-476B-95B3-6E66B617770F}.Release|Any CPU.ActiveCfg = Release|Any CPU
		{E4F03983-571A-476B-95B3-6E66B617770F}.Release|Any CPU.Build.0 = Release|Any CPU
		{E4F03983-571A-476B-95B3-6E66B617770F}.Release|x64.ActiveCfg = Release|Any CPU
		{E4F03983-571A-476B-95B3-6E66B617770F}.Release|x64.Build.0 = Release|Any CPU
		{E4F03983-571A-476B-95B3-6E66B617770F}.Release|x86.ActiveCfg = Release|Any CPU
		{E4F03983-571A-476B-95B3-6E66B617770F}.Release|x86.Build.0 = Release|Any CPU
		{5A08BC79-496C-42D1-80AF-3CAFBA859215}.Debug|Any CPU.ActiveCfg = Debug|Any CPU
		{5A08BC79-496C-42D1-80AF-3CAFBA859215}.Debug|Any CPU.Build.0 = Debug|Any CPU
		{5A08BC79-496C-42D1-80AF-3CAFBA859215}.Debug|x64.ActiveCfg = Debug|Any CPU
		{5A08BC79-496C-42D1-80AF-3CAFBA859215}.Debug|x64.Build.0 = Debug|Any CPU
		{5A08BC79-496C-42D1-80AF-3CAFBA859215}.Debug|x86.ActiveCfg = Debug|Any CPU
		{5A08BC79-496C-42D1-80AF-3CAFBA859215}.Debug|x86.Build.0 = Debug|Any CPU
		{5A08BC79-496C-42D1-80AF-3CAFBA859215}.Release|Any CPU.ActiveCfg = Release|Any CPU
		{5A08BC79-496C-42D1-80AF-3CAFBA859215}.Release|Any CPU.Build.0 = Release|Any CPU
		{5A08BC79-496C-42D1-80AF-3CAFBA859215}.Release|x64.ActiveCfg = Release|Any CPU
		{5A08BC79-496C-42D1-80AF-3CAFBA859215}.Release|x64.Build.0 = Release|Any CPU
		{5A08BC79-496C-42D1-80AF-3CAFBA859215}.Release|x86.ActiveCfg = Release|Any CPU
		{5A08BC79-496C-42D1-80AF-3CAFBA859215}.Release|x86.Build.0 = Release|Any CPU
		{91CB9CC4-BA14-495A-BAAC-2DE441135DC9}.Debug|Any CPU.ActiveCfg = Debug|Any CPU
		{91CB9CC4-BA14-495A-BAAC-2DE441135DC9}.Debug|Any CPU.Build.0 = Debug|Any CPU
		{91CB9CC4-BA14-495A-BAAC-2DE441135DC9}.Debug|x64.ActiveCfg = Debug|Any CPU
		{91CB9CC4-BA14-495A-BAAC-2DE441135DC9}.Debug|x64.Build.0 = Debug|Any CPU
		{91CB9CC4-BA14-495A-BAAC-2DE441135DC9}.Debug|x86.ActiveCfg = Debug|Any CPU
		{91CB9CC4-BA14-495A-BAAC-2DE441135DC9}.Debug|x86.Build.0 = Debug|Any CPU
		{91CB9CC4-BA14-495A-BAAC-2DE441135DC9}.Release|Any CPU.ActiveCfg = Release|Any CPU
		{91CB9CC4-BA14-495A-BAAC-2DE441135DC9}.Release|Any CPU.Build.0 = Release|Any CPU
		{91CB9CC4-BA14-495A-BAAC-2DE441135DC9}.Release|x64.ActiveCfg = Release|Any CPU
		{91CB9CC4-BA14-495A-BAAC-2DE441135DC9}.Release|x64.Build.0 = Release|Any CPU
		{91CB9CC4-BA14-495A-BAAC-2DE441135DC9}.Release|x86.ActiveCfg = Release|Any CPU
		{91CB9CC4-BA14-495A-BAAC-2DE441135DC9}.Release|x86.Build.0 = Release|Any CPU
		{5A2F9901-9CD7-4E7D-9B95-3ACC62D1C0EF}.Debug|Any CPU.ActiveCfg = Debug|Any CPU
		{5A2F9901-9CD7-4E7D-9B95-3ACC62D1C0EF}.Debug|Any CPU.Build.0 = Debug|Any CPU
		{5A2F9901-9CD7-4E7D-9B95-3ACC62D1C0EF}.Debug|x64.ActiveCfg = Debug|Any CPU
		{5A2F9901-9CD7-4E7D-9B95-3ACC62D1C0EF}.Debug|x64.Build.0 = Debug|Any CPU
		{5A2F9901-9CD7-4E7D-9B95-3ACC62D1C0EF}.Debug|x86.ActiveCfg = Debug|Any CPU
		{5A2F9901-9CD7-4E7D-9B95-3ACC62D1C0EF}.Debug|x86.Build.0 = Debug|Any CPU
		{5A2F9901-9CD7-4E7D-9B95-3ACC62D1C0EF}.Release|Any CPU.ActiveCfg = Release|Any CPU
		{5A2F9901-9CD7-4E7D-9B95-3ACC62D1C0EF}.Release|Any CPU.Build.0 = Release|Any CPU
		{5A2F9901-9CD7-4E7D-9B95-3ACC62D1C0EF}.Release|x64.ActiveCfg = Release|Any CPU
		{5A2F9901-9CD7-4E7D-9B95-3ACC62D1C0EF}.Release|x64.Build.0 = Release|Any CPU
		{5A2F9901-9CD7-4E7D-9B95-3ACC62D1C0EF}.Release|x86.ActiveCfg = Release|Any CPU
		{5A2F9901-9CD7-4E7D-9B95-3ACC62D1C0EF}.Release|x86.Build.0 = Release|Any CPU
		{BBEC766A-82B5-424E-AD9B-C6A427E5ECD3}.Debug|Any CPU.ActiveCfg = Debug|Any CPU
		{BBEC766A-82B5-424E-AD9B-C6A427E5ECD3}.Debug|Any CPU.Build.0 = Debug|Any CPU
		{BBEC766A-82B5-424E-AD9B-C6A427E5ECD3}.Debug|x64.ActiveCfg = Debug|Any CPU
		{BBEC766A-82B5-424E-AD9B-C6A427E5ECD3}.Debug|x64.Build.0 = Debug|Any CPU
		{BBEC766A-82B5-424E-AD9B-C6A427E5ECD3}.Debug|x86.ActiveCfg = Debug|Any CPU
		{BBEC766A-82B5-424E-AD9B-C6A427E5ECD3}.Debug|x86.Build.0 = Debug|Any CPU
		{BBEC766A-82B5-424E-AD9B-C6A427E5ECD3}.Release|Any CPU.ActiveCfg = Release|Any CPU
		{BBEC766A-82B5-424E-AD9B-C6A427E5ECD3}.Release|Any CPU.Build.0 = Release|Any CPU
		{BBEC766A-82B5-424E-AD9B-C6A427E5ECD3}.Release|x64.ActiveCfg = Release|Any CPU
		{BBEC766A-82B5-424E-AD9B-C6A427E5ECD3}.Release|x64.Build.0 = Release|Any CPU
		{BBEC766A-82B5-424E-AD9B-C6A427E5ECD3}.Release|x86.ActiveCfg = Release|Any CPU
		{BBEC766A-82B5-424E-AD9B-C6A427E5ECD3}.Release|x86.Build.0 = Release|Any CPU
		{744F786D-9EF3-479C-91B3-3AF0A99149A7}.Debug|Any CPU.ActiveCfg = Debug|Any CPU
		{744F786D-9EF3-479C-91B3-3AF0A99149A7}.Debug|Any CPU.Build.0 = Debug|Any CPU
		{744F786D-9EF3-479C-91B3-3AF0A99149A7}.Debug|x64.ActiveCfg = Debug|Any CPU
		{744F786D-9EF3-479C-91B3-3AF0A99149A7}.Debug|x64.Build.0 = Debug|Any CPU
		{744F786D-9EF3-479C-91B3-3AF0A99149A7}.Debug|x86.ActiveCfg = Debug|Any CPU
		{744F786D-9EF3-479C-91B3-3AF0A99149A7}.Debug|x86.Build.0 = Debug|Any CPU
		{744F786D-9EF3-479C-91B3-3AF0A99149A7}.Release|Any CPU.ActiveCfg = Release|Any CPU
		{744F786D-9EF3-479C-91B3-3AF0A99149A7}.Release|Any CPU.Build.0 = Release|Any CPU
		{744F786D-9EF3-479C-91B3-3AF0A99149A7}.Release|x64.ActiveCfg = Release|Any CPU
		{744F786D-9EF3-479C-91B3-3AF0A99149A7}.Release|x64.Build.0 = Release|Any CPU
		{744F786D-9EF3-479C-91B3-3AF0A99149A7}.Release|x86.ActiveCfg = Release|Any CPU
		{744F786D-9EF3-479C-91B3-3AF0A99149A7}.Release|x86.Build.0 = Release|Any CPU
		{0BB0E8A7-C9AE-4D9A-A94E-0791755F3A5A}.Debug|Any CPU.ActiveCfg = Debug|Any CPU
		{0BB0E8A7-C9AE-4D9A-A94E-0791755F3A5A}.Debug|Any CPU.Build.0 = Debug|Any CPU
		{0BB0E8A7-C9AE-4D9A-A94E-0791755F3A5A}.Debug|x64.ActiveCfg = Debug|Any CPU
		{0BB0E8A7-C9AE-4D9A-A94E-0791755F3A5A}.Debug|x64.Build.0 = Debug|Any CPU
		{0BB0E8A7-C9AE-4D9A-A94E-0791755F3A5A}.Debug|x86.ActiveCfg = Debug|Any CPU
		{0BB0E8A7-C9AE-4D9A-A94E-0791755F3A5A}.Debug|x86.Build.0 = Debug|Any CPU
		{0BB0E8A7-C9AE-4D9A-A94E-0791755F3A5A}.Release|Any CPU.ActiveCfg = Release|Any CPU
		{0BB0E8A7-C9AE-4D9A-A94E-0791755F3A5A}.Release|Any CPU.Build.0 = Release|Any CPU
		{0BB0E8A7-C9AE-4D9A-A94E-0791755F3A5A}.Release|x64.ActiveCfg = Release|Any CPU
		{0BB0E8A7-C9AE-4D9A-A94E-0791755F3A5A}.Release|x64.Build.0 = Release|Any CPU
		{0BB0E8A7-C9AE-4D9A-A94E-0791755F3A5A}.Release|x86.ActiveCfg = Release|Any CPU
		{0BB0E8A7-C9AE-4D9A-A94E-0791755F3A5A}.Release|x86.Build.0 = Release|Any CPU
		{E937F356-8426-456C-B41C-9B4A976B8AD8}.Debug|Any CPU.ActiveCfg = Debug|Any CPU
		{E937F356-8426-456C-B41C-9B4A976B8AD8}.Debug|Any CPU.Build.0 = Debug|Any CPU
		{E937F356-8426-456C-B41C-9B4A976B8AD8}.Debug|x64.ActiveCfg = Debug|Any CPU
		{E937F356-8426-456C-B41C-9B4A976B8AD8}.Debug|x64.Build.0 = Debug|Any CPU
		{E937F356-8426-456C-B41C-9B4A976B8AD8}.Debug|x86.ActiveCfg = Debug|Any CPU
		{E937F356-8426-456C-B41C-9B4A976B8AD8}.Debug|x86.Build.0 = Debug|Any CPU
		{E937F356-8426-456C-B41C-9B4A976B8AD8}.Release|Any CPU.ActiveCfg = Release|Any CPU
		{E937F356-8426-456C-B41C-9B4A976B8AD8}.Release|Any CPU.Build.0 = Release|Any CPU
		{E937F356-8426-456C-B41C-9B4A976B8AD8}.Release|x64.ActiveCfg = Release|Any CPU
		{E937F356-8426-456C-B41C-9B4A976B8AD8}.Release|x64.Build.0 = Release|Any CPU
		{E937F356-8426-456C-B41C-9B4A976B8AD8}.Release|x86.ActiveCfg = Release|Any CPU
		{E937F356-8426-456C-B41C-9B4A976B8AD8}.Release|x86.Build.0 = Release|Any CPU
		{CECCACE9-FA20-4FB2-A611-0B9FD93393F8}.Debug|Any CPU.ActiveCfg = Debug|Any CPU
		{CECCACE9-FA20-4FB2-A611-0B9FD93393F8}.Debug|Any CPU.Build.0 = Debug|Any CPU
		{CECCACE9-FA20-4FB2-A611-0B9FD93393F8}.Debug|x64.ActiveCfg = Debug|Any CPU
		{CECCACE9-FA20-4FB2-A611-0B9FD93393F8}.Debug|x64.Build.0 = Debug|Any CPU
		{CECCACE9-FA20-4FB2-A611-0B9FD93393F8}.Debug|x86.ActiveCfg = Debug|Any CPU
		{CECCACE9-FA20-4FB2-A611-0B9FD93393F8}.Debug|x86.Build.0 = Debug|Any CPU
		{CECCACE9-FA20-4FB2-A611-0B9FD93393F8}.Release|Any CPU.ActiveCfg = Release|Any CPU
		{CECCACE9-FA20-4FB2-A611-0B9FD93393F8}.Release|Any CPU.Build.0 = Release|Any CPU
		{CECCACE9-FA20-4FB2-A611-0B9FD93393F8}.Release|x64.ActiveCfg = Release|Any CPU
		{CECCACE9-FA20-4FB2-A611-0B9FD93393F8}.Release|x64.Build.0 = Release|Any CPU
		{CECCACE9-FA20-4FB2-A611-0B9FD93393F8}.Release|x86.ActiveCfg = Release|Any CPU
		{CECCACE9-FA20-4FB2-A611-0B9FD93393F8}.Release|x86.Build.0 = Release|Any CPU
		{79A4D659-B45D-48B0-A242-29E4B95FC496}.Debug|Any CPU.ActiveCfg = Debug|Any CPU
		{79A4D659-B45D-48B0-A242-29E4B95FC496}.Debug|Any CPU.Build.0 = Debug|Any CPU
		{79A4D659-B45D-48B0-A242-29E4B95FC496}.Debug|x64.ActiveCfg = Debug|Any CPU
		{79A4D659-B45D-48B0-A242-29E4B95FC496}.Debug|x64.Build.0 = Debug|Any CPU
		{79A4D659-B45D-48B0-A242-29E4B95FC496}.Debug|x86.ActiveCfg = Debug|Any CPU
		{79A4D659-B45D-48B0-A242-29E4B95FC496}.Debug|x86.Build.0 = Debug|Any CPU
		{79A4D659-B45D-48B0-A242-29E4B95FC496}.Release|Any CPU.ActiveCfg = Release|Any CPU
		{79A4D659-B45D-48B0-A242-29E4B95FC496}.Release|Any CPU.Build.0 = Release|Any CPU
		{79A4D659-B45D-48B0-A242-29E4B95FC496}.Release|x64.ActiveCfg = Release|Any CPU
		{79A4D659-B45D-48B0-A242-29E4B95FC496}.Release|x64.Build.0 = Release|Any CPU
		{79A4D659-B45D-48B0-A242-29E4B95FC496}.Release|x86.ActiveCfg = Release|Any CPU
		{79A4D659-B45D-48B0-A242-29E4B95FC496}.Release|x86.Build.0 = Release|Any CPU
		{CA9D494D-742C-49B4-B67C-4897E3B72049}.Debug|Any CPU.ActiveCfg = Debug|Any CPU
		{CA9D494D-742C-49B4-B67C-4897E3B72049}.Debug|Any CPU.Build.0 = Debug|Any CPU
		{CA9D494D-742C-49B4-B67C-4897E3B72049}.Debug|x64.ActiveCfg = Debug|Any CPU
		{CA9D494D-742C-49B4-B67C-4897E3B72049}.Debug|x64.Build.0 = Debug|Any CPU
		{CA9D494D-742C-49B4-B67C-4897E3B72049}.Debug|x86.ActiveCfg = Debug|Any CPU
		{CA9D494D-742C-49B4-B67C-4897E3B72049}.Debug|x86.Build.0 = Debug|Any CPU
		{CA9D494D-742C-49B4-B67C-4897E3B72049}.Release|Any CPU.ActiveCfg = Release|Any CPU
		{CA9D494D-742C-49B4-B67C-4897E3B72049}.Release|Any CPU.Build.0 = Release|Any CPU
		{CA9D494D-742C-49B4-B67C-4897E3B72049}.Release|x64.ActiveCfg = Release|Any CPU
		{CA9D494D-742C-49B4-B67C-4897E3B72049}.Release|x64.Build.0 = Release|Any CPU
		{CA9D494D-742C-49B4-B67C-4897E3B72049}.Release|x86.ActiveCfg = Release|Any CPU
		{CA9D494D-742C-49B4-B67C-4897E3B72049}.Release|x86.Build.0 = Release|Any CPU
	EndGlobalSection
	GlobalSection(SolutionProperties) = preSolution
		HideSolutionNode = FALSE
	EndGlobalSection
	GlobalSection(NestedProjects) = preSolution
		{35E96E76-185C-208C-38DC-5F3F8B7F04FF} = {827E0CD3-B72D-47B6-A68D-7590B98EB39B}
		{89F786C8-5B53-5F6D-3494-9CF205A2E4C3} = {35E96E76-185C-208C-38DC-5F3F8B7F04FF}
		{7476F995-B69B-4C30-9EA3-844FA26A1CD9} = {89F786C8-5B53-5F6D-3494-9CF205A2E4C3}
		{FD620687-5A37-4904-A43E-EAF7004F7CDC} = {827E0CD3-B72D-47B6-A68D-7590B98EB39B}
		{9BFD47CC-6396-42C8-ABE3-A298458D3E05} = {827E0CD3-B72D-47B6-A68D-7590B98EB39B}
		{3827C1F3-1BA6-4E60-B4F3-C4E3917E46FF} = {0AB3BF05-4346-4AA6-1389-037BE0695223}
		{B252BAFE-CED4-4CDB-8AA8-E1221222D8DC} = {0AB3BF05-4346-4AA6-1389-037BE0695223}
		{079356BE-49A7-4B69-91C5-55E75DD7FA01} = {0AB3BF05-4346-4AA6-1389-037BE0695223}
		{64C7ECAF-820F-4F81-B9C5-B20D84E10640} = {0AB3BF05-4346-4AA6-1389-037BE0695223}
		{DDB3D690-124B-C36B-115F-3C37F1FE676E} = {827E0CD3-B72D-47B6-A68D-7590B98EB39B}
		{E5D04A35-C969-259D-6982-EF3052F7A317} = {DDB3D690-124B-C36B-115F-3C37F1FE676E}
		{37C810A4-6EC7-44C4-83AF-97AB950EA7CC} = {E5D04A35-C969-259D-6982-EF3052F7A317}
		{15D7239D-675E-5FBD-68EE-0963C1CAA76D} = {35E96E76-185C-208C-38DC-5F3F8B7F04FF}
		{1621B832-3386-4D1C-A2DD-7ADEDC762F89} = {15D7239D-675E-5FBD-68EE-0963C1CAA76D}
		{5F938D0B-92A8-4880-3824-1AC1FD30C76B} = {35E96E76-185C-208C-38DC-5F3F8B7F04FF}
		{755E3352-1FCA-41FB-9B4F-2513D36A2B50} = {5F938D0B-92A8-4880-3824-1AC1FD30C76B}
		{DC7066D7-179B-718D-6EE8-986A1BA25552} = {35E96E76-185C-208C-38DC-5F3F8B7F04FF}
		{BD5C8A73-48ED-4486-9B22-F018EEEA5F19} = {DC7066D7-179B-718D-6EE8-986A1BA25552}
		{1FA30E85-E96E-8112-D4B3-BBAF21A47CB7} = {827E0CD3-B72D-47B6-A68D-7590B98EB39B}
		{6DCBC277-7C31-A006-EFB7-5FF32375D221} = {1FA30E85-E96E-8112-D4B3-BBAF21A47CB7}
		{E27C34B0-613F-41EB-A21E-8BDA38B9C1BF} = {6DCBC277-7C31-A006-EFB7-5FF32375D221}
		{ECD81E7C-074B-02BD-7FCF-093A9B501E9F} = {1FA30E85-E96E-8112-D4B3-BBAF21A47CB7}
		{E4F03983-571A-476B-95B3-6E66B617770F} = {ECD81E7C-074B-02BD-7FCF-093A9B501E9F}
		{B87797DD-02BA-4436-8FD7-724A091F267D} = {1FA30E85-E96E-8112-D4B3-BBAF21A47CB7}
		{5A08BC79-496C-42D1-80AF-3CAFBA859215} = {B87797DD-02BA-4436-8FD7-724A091F267D}
		{78394DD2-DE46-0E42-6836-515C92E6AD10} = {1FA30E85-E96E-8112-D4B3-BBAF21A47CB7}
		{91CB9CC4-BA14-495A-BAAC-2DE441135DC9} = {78394DD2-DE46-0E42-6836-515C92E6AD10}
		{EF20B38E-6266-D34C-AE13-5ED10D6750E8} = {827E0CD3-B72D-47B6-A68D-7590B98EB39B}
		{D65EAE80-69E4-9212-1F44-72F6CD2B9CC1} = {EF20B38E-6266-D34C-AE13-5ED10D6750E8}
		{5A2F9901-9CD7-4E7D-9B95-3ACC62D1C0EF} = {D65EAE80-69E4-9212-1F44-72F6CD2B9CC1}
		{0633B950-A560-1CEC-0701-082EEAD8B56A} = {EF20B38E-6266-D34C-AE13-5ED10D6750E8}
		{BBEC766A-82B5-424E-AD9B-C6A427E5ECD3} = {0633B950-A560-1CEC-0701-082EEAD8B56A}
		{2555759B-E859-6A78-621B-A9979419217D} = {EF20B38E-6266-D34C-AE13-5ED10D6750E8}
		{744F786D-9EF3-479C-91B3-3AF0A99149A7} = {2555759B-E859-6A78-621B-A9979419217D}
		{776C2BF0-1B09-45EA-18F1-78A3E1A3E79F} = {EF20B38E-6266-D34C-AE13-5ED10D6750E8}
		{0BB0E8A7-C9AE-4D9A-A94E-0791755F3A5A} = {776C2BF0-1B09-45EA-18F1-78A3E1A3E79F}
		{9B99C9EC-DCBB-D300-A612-191CC3EB85AF} = {15D7239D-675E-5FBD-68EE-0963C1CAA76D}
		{0588DDE4-502E-0B1B-0012-C57E42C5D149} = {9B99C9EC-DCBB-D300-A612-191CC3EB85AF}
		{AE7E8059-9B2E-2F68-EBC4-003C0F8717A5} = {0588DDE4-502E-0B1B-0012-C57E42C5D149}
		{E937F356-8426-456C-B41C-9B4A976B8AD8} = {AE7E8059-9B2E-2F68-EBC4-003C0F8717A5}
		{0B6235B2-A37A-EC5E-9748-7CB926460A5F} = {DDB3D690-124B-C36B-115F-3C37F1FE676E}
		{CECCACE9-FA20-4FB2-A611-0B9FD93393F8} = {0B6235B2-A37A-EC5E-9748-7CB926460A5F}
		{4874B548-1975-A9BA-133A-0C9EB107BCCE} = {DDB3D690-124B-C36B-115F-3C37F1FE676E}
		{79A4D659-B45D-48B0-A242-29E4B95FC496} = {4874B548-1975-A9BA-133A-0C9EB107BCCE}
		{6DE6D864-F768-782B-8E26-EC1F654EEE33} = {DDB3D690-124B-C36B-115F-3C37F1FE676E}
		{CA9D494D-742C-49B4-B67C-4897E3B72049} = {6DE6D864-F768-782B-8E26-EC1F654EEE33}
	EndGlobalSection
EndGlobal
